{"packages":{"dartling":{"version":"0.0.8","source":"git","description":{"url":"git://github.com/dzenanr/dartling.git","ref":null,"resolved-ref":"a7e8e78f659e45eff655f8b4db8bcb7ab3db1f1c"}},"browser":{"version":"0.3.1+1","source":"hosted","description":"browser"},"unittest":{"version":"0.3.1+1","source":"hosted","description":"unittest"},"meta":{"version":"0.3.1+1","source":"hosted","description":"meta"}}}